
Microsoft Visual Studio Solution File, Format Version 12.00
# Visual Studio Version 17
VisualStudioVersion = 17.14.36408.4 d17.14
MinimumVisualStudioVersion = 10.0.40219.1
Project("{FAE04EC0-301F-11D3-BF4B-00C04F79EFBC}") = "EFCore01", "EFCore01.csproj", "{C85C7703-8039-4D02-83CB-CA3DDFAFEE48}"
EndProject
Global
	GlobalSection(SolutionConfigurationPlatforms) = preSolution
		Debug|Any CPU = Debug|Any CPU
		Release|Any CPU = Release|Any CPU
	EndGlobalSection
	GlobalSection(ProjectConfigurationPlatforms) = postSolution
		{C85C7703-8039-4D02-83CB-CA3DDFAFEE48}.Debug|Any CPU.ActiveCfg = Debug|Any CPU
		{C85C7703-8039-4D02-83CB-CA3DDFAFEE48}.Debug|Any CPU.Build.0 = Debug|Any CPU
		{C85C7703-8039-4D02-83CB-CA3DDFAFEE48}.Release|Any CPU.ActiveCfg = Release|Any CPU
		{C85C7703-8039-4D02-83CB-CA3DDFAFEE48}.Release|Any CPU.Build.0 = Release|Any CPU
	EndGlobalSection
	GlobalSection(SolutionProperties) = preSolution
		HideSolutionNode = FALSE
	EndGlobalSection
	GlobalSection(ExtensibilityGlobals) = postSolution
		SolutionGuid = {BA3C1F68-E71C-46FC-A1C2-88DD8D7D6011}
	EndGlobalSection
EndGlobal
