
Microsoft Visual Studio Solution File, Format Version 12.00
# Visual Studio Version 17
VisualStudioVersion = 17.14.36310.24 d17.14
MinimumVisualStudioVersion = 10.0.40219.1
Project("{FAE04EC0-301F-11D3-BF4B-00C04F79EFBC}") = "Exam_02", "Exam_02.csproj", "{B311CA9F-A133-4839-A6EE-A22886BC2F67}"
EndProject
Global
	GlobalSection(SolutionConfigurationPlatforms) = preSolution
		Debug|Any CPU = Debug|Any CPU
		Release|Any CPU = Release|Any CPU
	EndGlobalSection
	GlobalSection(ProjectConfigurationPlatforms) = postSolution
		{B311CA9F-A133-4839-A6EE-A22886BC2F67}.Debug|Any CPU.ActiveCfg = Debug|Any CPU
		{B311CA9F-A133-4839-A6EE-A22886BC2F67}.Debug|Any CPU.Build.0 = Debug|Any CPU
		{B311CA9F-A133-4839-A6EE-A22886BC2F67}.Release|Any CPU.ActiveCfg = Release|Any CPU
		{B311CA9F-A133-4839-A6EE-A22886BC2F67}.Release|Any CPU.Build.0 = Release|Any CPU
	EndGlobalSection
	GlobalSection(SolutionProperties) = preSolution
		HideSolutionNode = FALSE
	EndGlobalSection
	GlobalSection(ExtensibilityGlobals) = postSolution
		SolutionGuid = {4F5312E0-01E9-422E-BA89-0EB7F0A9A590}
	EndGlobalSection
EndGlobal
