
Microsoft Visual Studio Solution File, Format Version 12.00
# Visual Studio Version 17
VisualStudioVersion = 17.13.35931.197 d17.13
MinimumVisualStudioVersion = 10.0.40219.1
Project("{FAE04EC0-301F-11D3-BF4B-00C04F79EFBC}") = "Assignment03-C#Basics", "Assignment03-C#Basics.csproj", "{97590FF2-7479-4808-87E8-0AEDBAFA1A6C}"
EndProject
Global
	GlobalSection(SolutionConfigurationPlatforms) = preSolution
		Debug|Any CPU = Debug|Any CPU
		Release|Any CPU = Release|Any CPU
	EndGlobalSection
	GlobalSection(ProjectConfigurationPlatforms) = postSolution
		{97590FF2-7479-4808-87E8-0AEDBAFA1A6C}.Debug|Any CPU.ActiveCfg = Debug|Any CPU
		{97590FF2-7479-4808-87E8-0AEDBAFA1A6C}.Debug|Any CPU.Build.0 = Debug|Any CPU
		{97590FF2-7479-4808-87E8-0AEDBAFA1A6C}.Release|Any CPU.ActiveCfg = Release|Any CPU
		{97590FF2-7479-4808-87E8-0AEDBAFA1A6C}.Release|Any CPU.Build.0 = Release|Any CPU
	EndGlobalSection
	GlobalSection(SolutionProperties) = preSolution
		HideSolutionNode = FALSE
	EndGlobalSection
	GlobalSection(ExtensibilityGlobals) = postSolution
		SolutionGuid = {6400A2D5-131D-4734-8376-50D2CDCAB40B}
	EndGlobalSection
EndGlobal
