
Microsoft Visual Studio Solution File, Format Version 12.00
# Visual Studio Version 17
VisualStudioVersion = 17.13.35931.197 d17.13
MinimumVisualStudioVersion = 10.0.40219.1
Project("{FAE04EC0-301F-11D3-BF4B-00C04F79EFBC}") = "Assignment01", "Assignment01.csproj", "{AC02194B-AD8E-46FF-B578-9741018ECEFC}"
EndProject
Global
	GlobalSection(SolutionConfigurationPlatforms) = preSolution
		Debug|Any CPU = Debug|Any CPU
		Release|Any CPU = Release|Any CPU
	EndGlobalSection
	GlobalSection(ProjectConfigurationPlatforms) = postSolution
		{AC02194B-AD8E-46FF-B578-9741018ECEFC}.Debug|Any CPU.ActiveCfg = Debug|Any CPU
		{AC02194B-AD8E-46FF-B578-9741018ECEFC}.Debug|Any CPU.Build.0 = Debug|Any CPU
		{AC02194B-AD8E-46FF-B578-9741018ECEFC}.Release|Any CPU.ActiveCfg = Release|Any CPU
		{AC02194B-AD8E-46FF-B578-9741018ECEFC}.Release|Any CPU.Build.0 = Release|Any CPU
	EndGlobalSection
	GlobalSection(SolutionProperties) = preSolution
		HideSolutionNode = FALSE
	EndGlobalSection
	GlobalSection(ExtensibilityGlobals) = postSolution
		SolutionGuid = {224A43F7-0D81-4902-BF1F-7C3C5E4C94D7}
	EndGlobalSection
EndGlobal
